
Microsoft Visual Studio Solution File, Format Version 12.00
# Visual Studio Version 17
VisualStudioVersion = 17.6.33815.320
MinimumVisualStudioVersion = 10.0.40219.1
Project("{FAE04EC0-301F-11D3-BF4B-00C04F79EFBC}") = "NLayer.Core", "NLayer.Core\NLayer.Core.csproj", "{663B324E-D5AC-4C78-BBB3-E4243AA8D423}"
EndProject
Project("{FAE04EC0-301F-11D3-BF4B-00C04F79EFBC}") = "NLayerRepository", "NLayerRepository\NLayerRepository.csproj", "{2016E21C-C7F6-4A71-8772-80174B07A960}"
EndProject
Project("{FAE04EC0-301F-11D3-BF4B-00C04F79EFBC}") = "NLayer.Service", "NLayer.Service\NLayer.Service.csproj", "{CAED6831-90EC-4A3F-9C96-67B642D252BF}"
EndProject
Project("{FAE04EC0-301F-11D3-BF4B-00C04F79EFBC}") = "NLayer.API", "NLayer.API\NLayer.API.csproj", "{8E8FCCC9-EA29-4CEF-964E-81FF466DEB59}"
EndProject
Project("{FAE04EC0-301F-11D3-BF4B-00C04F79EFBC}") = "NLayer.Web", "NLayer.Web\NLayer.Web.csproj", "{8C38434D-1F64-4B79-ACC0-454C2AC8FF11}"
EndProject
Project("{FAE04EC0-301F-11D3-BF4B-00C04F79EFBC}") = "NLayer.Caching", "NLayer.Caching\NLayer.Caching.csproj", "{60524748-DA13-44AC-ADF0-9651354D4B9A}"
EndProject
Global
	GlobalSection(SolutionConfigurationPlatforms) = preSolution
		Debug|Any CPU = Debug|Any CPU
		Release|Any CPU = Release|Any CPU
	EndGlobalSection
	GlobalSection(ProjectConfigurationPlatforms) = postSolution
		{663B324E-D5AC-4C78-BBB3-E4243AA8D423}.Debug|Any CPU.ActiveCfg = Debug|Any CPU
		{663B324E-D5AC-4C78-BBB3-E4243AA8D423}.Debug|Any CPU.Build.0 = Debug|Any CPU
		{663B324E-D5AC-4C78-BBB3-E4243AA8D423}.Release|Any CPU.ActiveCfg = Release|Any CPU
		{663B324E-D5AC-4C78-BBB3-E4243AA8D423}.Release|Any CPU.Build.0 = Release|Any CPU
		{2016E21C-C7F6-4A71-8772-80174B07A960}.Debug|Any CPU.ActiveCfg = Debug|Any CPU
		{2016E21C-C7F6-4A71-8772-80174B07A960}.Debug|Any CPU.Build.0 = Debug|Any CPU
		{2016E21C-C7F6-4A71-8772-80174B07A960}.Release|Any CPU.ActiveCfg = Release|Any CPU
		{2016E21C-C7F6-4A71-8772-80174B07A960}.Release|Any CPU.Build.0 = Release|Any CPU
		{CAED6831-90EC-4A3F-9C96-67B642D252BF}.Debug|Any CPU.ActiveCfg = Debug|Any CPU
		{CAED6831-90EC-4A3F-9C96-67B642D252BF}.Debug|Any CPU.Build.0 = Debug|Any CPU
		{CAED6831-90EC-4A3F-9C96-67B642D252BF}.Release|Any CPU.ActiveCfg = Release|Any CPU
		{CAED6831-90EC-4A3F-9C96-67B642D252BF}.Release|Any CPU.Build.0 = Release|Any CPU
		{8E8FCCC9-EA29-4CEF-964E-81FF466DEB59}.Debug|Any CPU.ActiveCfg = Debug|Any CPU
		{8E8FCCC9-EA29-4CEF-964E-81FF466DEB59}.Debug|Any CPU.Build.0 = Debug|Any CPU
		{8E8FCCC9-EA29-4CEF-964E-81FF466DEB59}.Release|Any CPU.ActiveCfg = Release|Any CPU
		{8E8FCCC9-EA29-4CEF-964E-81FF466DEB59}.Release|Any CPU.Build.0 = Release|Any CPU
		{8C38434D-1F64-4B79-ACC0-454C2AC8FF11}.Debug|Any CPU.ActiveCfg = Debug|Any CPU
		{8C38434D-1F64-4B79-ACC0-454C2AC8FF11}.Debug|Any CPU.Build.0 = Debug|Any CPU
		{8C38434D-1F64-4B79-ACC0-454C2AC8FF11}.Release|Any CPU.ActiveCfg = Release|Any CPU
		{8C38434D-1F64-4B79-ACC0-454C2AC8FF11}.Release|Any CPU.Build.0 = Release|Any CPU
		{60524748-DA13-44AC-ADF0-9651354D4B9A}.Debug|Any CPU.ActiveCfg = Debug|Any CPU
		{60524748-DA13-44AC-ADF0-9651354D4B9A}.Debug|Any CPU.Build.0 = Debug|Any CPU
		{60524748-DA13-44AC-ADF0-9651354D4B9A}.Release|Any CPU.ActiveCfg = Release|Any CPU
		{60524748-DA13-44AC-ADF0-9651354D4B9A}.Release|Any CPU.Build.0 = Release|Any CPU
	EndGlobalSection
	GlobalSection(SolutionProperties) = preSolution
		HideSolutionNode = FALSE
	EndGlobalSection
	GlobalSection(ExtensibilityGlobals) = postSolution
		SolutionGuid = {29763FD1-4A9F-4552-B3AE-F33D98F58F37}
	EndGlobalSection
EndGlobal
